
Microsoft Visual Studio Solution File, Format Version 12.00
# Visual Studio Version 17
VisualStudioVersion = 17.0.31903.59
MinimumVisualStudioVersion = 10.0.40219.1
Project("{2150E333-8FDC-42A3-9474-1A3956D46DE8}") = "src", "src", "{07276A46-98C1-4A94-A1D0-1F5C6450567F}"
EndProject
Project("{FAE04EC0-301F-11D3-BF4B-00C04F79EFBC}") = "Sentra.Api", "src\Sentra.Api\Sentra.Api.csproj", "{BCA8D62B-1AF8-4F6B-BA36-31C4C520437A}"
EndProject
Project("{FAE04EC0-301F-11D3-BF4B-00C04F79EFBC}") = "Sentra.Application", "src\Sentra.Application\Sentra.Application.csproj", "{21000840-52BC-4E86-861E-700EA1A57856}"
EndProject
Project("{FAE04EC0-301F-11D3-BF4B-00C04F79EFBC}") = "Sentra.Domain", "src\Sentra.Domain\Sentra.Domain.csproj", "{9D751FE5-C9FA-4013-91E3-6C06B58C9E86}"
EndProject
Project("{FAE04EC0-301F-11D3-BF4B-00C04F79EFBC}") = "Sentra.Infrastructure", "src\Sentra.Infrastructure\Sentra.Infrastructure.csproj", "{6E571C0B-72EB-467B-BEED-6BFE088C4AC1}"
EndProject
Project("{FAE04EC0-301F-11D3-BF4B-00C04F79EFBC}") = "Sentra.SharedKernel", "src\Sentra.SharedKernel\Sentra.SharedKernel.csproj", "{40D2222A-11BF-45EE-8538-2F19B6485432}"
EndProject
Project("{FAE04EC0-301F-11D3-BF4B-00C04F79EFBC}") = "Sentra.Contracts", "src\Sentra.Contracts\Sentra.Contracts.csproj", "{964F31FB-33A5-4A92-BB66-3A56F6BE29F6}"
EndProject
Project("{FAE04EC0-301F-11D3-BF4B-00C04F79EFBC}") = "Sentra.Connectors.Abstractions", "src\Sentra.Connectors.Abstractions\Sentra.Connectors.Abstractions.csproj", "{7278F2E0-4E38-4643-AD15-31D3104BEE9B}"
EndProject
Project("{FAE04EC0-301F-11D3-BF4B-00C04F79EFBC}") = "Sentra.Connectors.PostgreSql", "src\Sentra.Connectors.PostgreSql\Sentra.Connectors.PostgreSql.csproj", "{6068A143-48C3-4A1C-9AF9-88091C76D963}"
EndProject
Project("{FAE04EC0-301F-11D3-BF4B-00C04F79EFBC}") = "Sentra.Connectors.SqlServer", "src\Sentra.Connectors.SqlServer\Sentra.Connectors.SqlServer.csproj", "{3CF44C14-AEDC-463C-966D-3E580191B1C1}"
EndProject
Project("{FAE04EC0-301F-11D3-BF4B-00C04F79EFBC}") = "Sentra.Connectors.MySql", "src\Sentra.Connectors.MySql\Sentra.Connectors.MySql.csproj", "{077B1246-D39A-41A6-B3BB-5D7D9A7A4B8C}"
EndProject
Project("{FAE04EC0-301F-11D3-BF4B-00C04F79EFBC}") = "Sentra.AI.Abstractions", "src\Sentra.AI.Abstractions\Sentra.AI.Abstractions.csproj", "{351B1815-0015-48BD-BF01-9F4BCB4DB381}"
EndProject
Project("{FAE04EC0-301F-11D3-BF4B-00C04F79EFBC}") = "Sentra.AI.Orchestration", "src\Sentra.AI.Orchestration\Sentra.AI.Orchestration.csproj", "{30D8EE97-9C4B-4117-B1C5-549015657D63}"
EndProject
Project("{FAE04EC0-301F-11D3-BF4B-00C04F79EFBC}") = "Sentra.AI.Prompts", "src\Sentra.AI.Prompts\Sentra.AI.Prompts.csproj", "{08F16DE1-91E6-411A-96F1-C0DC142BD021}"
EndProject
Project("{FAE04EC0-301F-11D3-BF4B-00C04F79EFBC}") = "Sentra.Security", "src\Sentra.Security\Sentra.Security.csproj", "{DE5D0612-BFAA-4E66-A65F-0BA95542F8F5}"
EndProject
Project("{FAE04EC0-301F-11D3-BF4B-00C04F79EFBC}") = "Sentra.Licensing", "src\Sentra.Licensing\Sentra.Licensing.csproj", "{1F8B54A5-5336-4879-9526-8727D0B0F18E}"
EndProject
Project("{FAE04EC0-301F-11D3-BF4B-00C04F79EFBC}") = "Sentra.Observability", "src\Sentra.Observability\Sentra.Observability.csproj", "{01681143-15FC-42C3-AA16-DE67B2D9D66E}"
EndProject
Project("{2150E333-8FDC-42A3-9474-1A3956D46DE8}") = "tests", "tests", "{CC385594-EBB4-40DA-9D1E-CF4EF27A145C}"
EndProject
Project("{FAE04EC0-301F-11D3-BF4B-00C04F79EFBC}") = "Sentra.UnitTests", "tests\Sentra.UnitTests\Sentra.UnitTests.csproj", "{117855C4-97CE-4257-ADF2-7DDFD05CAF31}"
EndProject
Project("{FAE04EC0-301F-11D3-BF4B-00C04F79EFBC}") = "Sentra.Connectors.Sqlite", "src\Sentra.Connectors.Sqlite\Sentra.Connectors.Sqlite.csproj", "{5A8D5056-DFB9-4612-853A-5EC3D89AB0E2}"
EndProject
Global
	GlobalSection(SolutionConfigurationPlatforms) = preSolution
		Debug|Any CPU = Debug|Any CPU
		Release|Any CPU = Release|Any CPU
	EndGlobalSection
	GlobalSection(SolutionProperties) = preSolution
		HideSolutionNode = FALSE
	EndGlobalSection
	GlobalSection(ProjectConfigurationPlatforms) = postSolution
		{BCA8D62B-1AF8-4F6B-BA36-31C4C520437A}.Debug|Any CPU.ActiveCfg = Debug|Any CPU
		{BCA8D62B-1AF8-4F6B-BA36-31C4C520437A}.Debug|Any CPU.Build.0 = Debug|Any CPU
		{BCA8D62B-1AF8-4F6B-BA36-31C4C520437A}.Release|Any CPU.ActiveCfg = Release|Any CPU
		{BCA8D62B-1AF8-4F6B-BA36-31C4C520437A}.Release|Any CPU.Build.0 = Release|Any CPU
		{21000840-52BC-4E86-861E-700EA1A57856}.Debug|Any CPU.ActiveCfg = Debug|Any CPU
		{21000840-52BC-4E86-861E-700EA1A57856}.Debug|Any CPU.Build.0 = Debug|Any CPU
		{21000840-52BC-4E86-861E-700EA1A57856}.Release|Any CPU.ActiveCfg = Release|Any CPU
		{21000840-52BC-4E86-861E-700EA1A57856}.Release|Any CPU.Build.0 = Release|Any CPU
		{9D751FE5-C9FA-4013-91E3-6C06B58C9E86}.Debug|Any CPU.ActiveCfg = Debug|Any CPU
		{9D751FE5-C9FA-4013-91E3-6C06B58C9E86}.Debug|Any CPU.Build.0 = Debug|Any CPU
		{9D751FE5-C9FA-4013-91E3-6C06B58C9E86}.Release|Any CPU.ActiveCfg = Release|Any CPU
		{9D751FE5-C9FA-4013-91E3-6C06B58C9E86}.Release|Any CPU.Build.0 = Release|Any CPU
		{6E571C0B-72EB-467B-BEED-6BFE088C4AC1}.Debug|Any CPU.ActiveCfg = Debug|Any CPU
		{6E571C0B-72EB-467B-BEED-6BFE088C4AC1}.Debug|Any CPU.Build.0 = Debug|Any CPU
		{6E571C0B-72EB-467B-BEED-6BFE088C4AC1}.Release|Any CPU.ActiveCfg = Release|Any CPU
		{6E571C0B-72EB-467B-BEED-6BFE088C4AC1}.Release|Any CPU.Build.0 = Release|Any CPU
		{40D2222A-11BF-45EE-8538-2F19B6485432}.Debug|Any CPU.ActiveCfg = Debug|Any CPU
		{40D2222A-11BF-45EE-8538-2F19B6485432}.Debug|Any CPU.Build.0 = Debug|Any CPU
		{40D2222A-11BF-45EE-8538-2F19B6485432}.Release|Any CPU.ActiveCfg = Release|Any CPU
		{40D2222A-11BF-45EE-8538-2F19B6485432}.Release|Any CPU.Build.0 = Release|Any CPU
		{964F31FB-33A5-4A92-BB66-3A56F6BE29F6}.Debug|Any CPU.ActiveCfg = Debug|Any CPU
		{964F31FB-33A5-4A92-BB66-3A56F6BE29F6}.Debug|Any CPU.Build.0 = Debug|Any CPU
		{964F31FB-33A5-4A92-BB66-3A56F6BE29F6}.Release|Any CPU.ActiveCfg = Release|Any CPU
		{964F31FB-33A5-4A92-BB66-3A56F6BE29F6}.Release|Any CPU.Build.0 = Release|Any CPU
		{7278F2E0-4E38-4643-AD15-31D3104BEE9B}.Debug|Any CPU.ActiveCfg = Debug|Any CPU
		{7278F2E0-4E38-4643-AD15-31D3104BEE9B}.Debug|Any CPU.Build.0 = Debug|Any CPU
		{7278F2E0-4E38-4643-AD15-31D3104BEE9B}.Release|Any CPU.ActiveCfg = Release|Any CPU
		{7278F2E0-4E38-4643-AD15-31D3104BEE9B}.Release|Any CPU.Build.0 = Release|Any CPU
		{6068A143-48C3-4A1C-9AF9-88091C76D963}.Debug|Any CPU.ActiveCfg = Debug|Any CPU
		{6068A143-48C3-4A1C-9AF9-88091C76D963}.Debug|Any CPU.Build.0 = Debug|Any CPU
		{6068A143-48C3-4A1C-9AF9-88091C76D963}.Release|Any CPU.ActiveCfg = Release|Any CPU
		{6068A143-48C3-4A1C-9AF9-88091C76D963}.Release|Any CPU.Build.0 = Release|Any CPU
		{3CF44C14-AEDC-463C-966D-3E580191B1C1}.Debug|Any CPU.ActiveCfg = Debug|Any CPU
		{3CF44C14-AEDC-463C-966D-3E580191B1C1}.Debug|Any CPU.Build.0 = Debug|Any CPU
		{3CF44C14-AEDC-463C-966D-3E580191B1C1}.Release|Any CPU.ActiveCfg = Release|Any CPU
		{3CF44C14-AEDC-463C-966D-3E580191B1C1}.Release|Any CPU.Build.0 = Release|Any CPU
		{077B1246-D39A-41A6-B3BB-5D7D9A7A4B8C}.Debug|Any CPU.ActiveCfg = Debug|Any CPU
		{077B1246-D39A-41A6-B3BB-5D7D9A7A4B8C}.Debug|Any CPU.Build.0 = Debug|Any CPU
		{077B1246-D39A-41A6-B3BB-5D7D9A7A4B8C}.Release|Any CPU.ActiveCfg = Release|Any CPU
		{077B1246-D39A-41A6-B3BB-5D7D9A7A4B8C}.Release|Any CPU.Build.0 = Release|Any CPU
		{351B1815-0015-48BD-BF01-9F4BCB4DB381}.Debug|Any CPU.ActiveCfg = Debug|Any CPU
		{351B1815-0015-48BD-BF01-9F4BCB4DB381}.Debug|Any CPU.Build.0 = Debug|Any CPU
		{351B1815-0015-48BD-BF01-9F4BCB4DB381}.Release|Any CPU.ActiveCfg = Release|Any CPU
		{351B1815-0015-48BD-BF01-9F4BCB4DB381}.Release|Any CPU.Build.0 = Release|Any CPU
		{30D8EE97-9C4B-4117-B1C5-549015657D63}.Debug|Any CPU.ActiveCfg = Debug|Any CPU
		{30D8EE97-9C4B-4117-B1C5-549015657D63}.Debug|Any CPU.Build.0 = Debug|Any CPU
		{30D8EE97-9C4B-4117-B1C5-549015657D63}.Release|Any CPU.ActiveCfg = Release|Any CPU
		{30D8EE97-9C4B-4117-B1C5-549015657D63}.Release|Any CPU.Build.0 = Release|Any CPU
		{08F16DE1-91E6-411A-96F1-C0DC142BD021}.Debug|Any CPU.ActiveCfg = Debug|Any CPU
		{08F16DE1-91E6-411A-96F1-C0DC142BD021}.Debug|Any CPU.Build.0 = Debug|Any CPU
		{08F16DE1-91E6-411A-96F1-C0DC142BD021}.Release|Any CPU.ActiveCfg = Release|Any CPU
		{08F16DE1-91E6-411A-96F1-C0DC142BD021}.Release|Any CPU.Build.0 = Release|Any CPU
		{DE5D0612-BFAA-4E66-A65F-0BA95542F8F5}.Debug|Any CPU.ActiveCfg = Debug|Any CPU
		{DE5D0612-BFAA-4E66-A65F-0BA95542F8F5}.Debug|Any CPU.Build.0 = Debug|Any CPU
		{DE5D0612-BFAA-4E66-A65F-0BA95542F8F5}.Release|Any CPU.ActiveCfg = Release|Any CPU
		{DE5D0612-BFAA-4E66-A65F-0BA95542F8F5}.Release|Any CPU.Build.0 = Release|Any CPU
		{1F8B54A5-5336-4879-9526-8727D0B0F18E}.Debug|Any CPU.ActiveCfg = Debug|Any CPU
		{1F8B54A5-5336-4879-9526-8727D0B0F18E}.Debug|Any CPU.Build.0 = Debug|Any CPU
		{1F8B54A5-5336-4879-9526-8727D0B0F18E}.Release|Any CPU.ActiveCfg = Release|Any CPU
		{1F8B54A5-5336-4879-9526-8727D0B0F18E}.Release|Any CPU.Build.0 = Release|Any CPU
		{01681143-15FC-42C3-AA16-DE67B2D9D66E}.Debug|Any CPU.ActiveCfg = Debug|Any CPU
		{01681143-15FC-42C3-AA16-DE67B2D9D66E}.Debug|Any CPU.Build.0 = Debug|Any CPU
		{01681143-15FC-42C3-AA16-DE67B2D9D66E}.Release|Any CPU.ActiveCfg = Release|Any CPU
		{01681143-15FC-42C3-AA16-DE67B2D9D66E}.Release|Any CPU.Build.0 = Release|Any CPU
		{117855C4-97CE-4257-ADF2-7DDFD05CAF31}.Debug|Any CPU.ActiveCfg = Debug|Any CPU
		{117855C4-97CE-4257-ADF2-7DDFD05CAF31}.Debug|Any CPU.Build.0 = Debug|Any CPU
		{117855C4-97CE-4257-ADF2-7DDFD05CAF31}.Release|Any CPU.ActiveCfg = Release|Any CPU
		{117855C4-97CE-4257-ADF2-7DDFD05CAF31}.Release|Any CPU.Build.0 = Release|Any CPU
		{5A8D5056-DFB9-4612-853A-5EC3D89AB0E2}.Debug|Any CPU.ActiveCfg = Debug|Any CPU
		{5A8D5056-DFB9-4612-853A-5EC3D89AB0E2}.Debug|Any CPU.Build.0 = Debug|Any CPU
		{5A8D5056-DFB9-4612-853A-5EC3D89AB0E2}.Release|Any CPU.ActiveCfg = Release|Any CPU
		{5A8D5056-DFB9-4612-853A-5EC3D89AB0E2}.Release|Any CPU.Build.0 = Release|Any CPU
	EndGlobalSection
	GlobalSection(NestedProjects) = preSolution
		{BCA8D62B-1AF8-4F6B-BA36-31C4C520437A} = {07276A46-98C1-4A94-A1D0-1F5C6450567F}
		{21000840-52BC-4E86-861E-700EA1A57856} = {07276A46-98C1-4A94-A1D0-1F5C6450567F}
		{9D751FE5-C9FA-4013-91E3-6C06B58C9E86} = {07276A46-98C1-4A94-A1D0-1F5C6450567F}
		{6E571C0B-72EB-467B-BEED-6BFE088C4AC1} = {07276A46-98C1-4A94-A1D0-1F5C6450567F}
		{40D2222A-11BF-45EE-8538-2F19B6485432} = {07276A46-98C1-4A94-A1D0-1F5C6450567F}
		{964F31FB-33A5-4A92-BB66-3A56F6BE29F6} = {07276A46-98C1-4A94-A1D0-1F5C6450567F}
		{7278F2E0-4E38-4643-AD15-31D3104BEE9B} = {07276A46-98C1-4A94-A1D0-1F5C6450567F}
		{6068A143-48C3-4A1C-9AF9-88091C76D963} = {07276A46-98C1-4A94-A1D0-1F5C6450567F}
		{3CF44C14-AEDC-463C-966D-3E580191B1C1} = {07276A46-98C1-4A94-A1D0-1F5C6450567F}
		{077B1246-D39A-41A6-B3BB-5D7D9A7A4B8C} = {07276A46-98C1-4A94-A1D0-1F5C6450567F}
		{351B1815-0015-48BD-BF01-9F4BCB4DB381} = {07276A46-98C1-4A94-A1D0-1F5C6450567F}
		{30D8EE97-9C4B-4117-B1C5-549015657D63} = {07276A46-98C1-4A94-A1D0-1F5C6450567F}
		{08F16DE1-91E6-411A-96F1-C0DC142BD021} = {07276A46-98C1-4A94-A1D0-1F5C6450567F}
		{DE5D0612-BFAA-4E66-A65F-0BA95542F8F5} = {07276A46-98C1-4A94-A1D0-1F5C6450567F}
		{1F8B54A5-5336-4879-9526-8727D0B0F18E} = {07276A46-98C1-4A94-A1D0-1F5C6450567F}
		{01681143-15FC-42C3-AA16-DE67B2D9D66E} = {07276A46-98C1-4A94-A1D0-1F5C6450567F}
		{117855C4-97CE-4257-ADF2-7DDFD05CAF31} = {CC385594-EBB4-40DA-9D1E-CF4EF27A145C}
		{5A8D5056-DFB9-4612-853A-5EC3D89AB0E2} = {07276A46-98C1-4A94-A1D0-1F5C6450567F}
	EndGlobalSection
EndGlobal
